
Microsoft Visual Studio Solution File, Format Version 12.00
# Visual Studio Version 17
VisualStudioVersion = 17.4.33103.184
MinimumVisualStudioVersion = 10.0.40219.1
Project("{FAE04EC0-301F-11D3-BF4B-00C04F79EFBC}") = "WpfApp4", "WpfApp4.csproj", "{1BE125CC-AE4A-4552-86EC-291844DC3145}"
EndProject
Global
	GlobalSection(SolutionConfigurationPlatforms) = preSolution
		Debug|Any CPU = Debug|Any CPU
		Release|Any CPU = Release|Any CPU
	EndGlobalSection
	GlobalSection(ProjectConfigurationPlatforms) = postSolution
		{1BE125CC-AE4A-4552-86EC-291844DC3145}.Debug|Any CPU.ActiveCfg = Debug|Any CPU
		{1BE125CC-AE4A-4552-86EC-291844DC3145}.Debug|Any CPU.Build.0 = Debug|Any CPU
		{1BE125CC-AE4A-4552-86EC-291844DC3145}.Release|Any CPU.ActiveCfg = Release|Any CPU
		{1BE125CC-AE4A-4552-86EC-291844DC3145}.Release|Any CPU.Build.0 = Release|Any CPU
	EndGlobalSection
	GlobalSection(SolutionProperties) = preSolution
		HideSolutionNode = FALSE
	EndGlobalSection
	GlobalSection(ExtensibilityGlobals) = postSolution
		SolutionGuid = {02AC6DE8-9240-446D-A8B2-0C2E1DBD1508}
	EndGlobalSection
EndGlobal
